// !$*UTF8*$!
{
	archiveVersion = 1;
	classes = {
	};
	objectVersion = 46;
	objects = {

/* Begin PBXBuildFile section */
		88E47DEC1EF04556004FA2E8 /* AppDelegate.swift in Sources */ = {isa = PBXBuildFile; fileRef = 88E47DEB1EF04556004FA2E8 /* AppDelegate.swift */; };
		88E47DEE1EF04556004FA2E8 /* ViewController.swift in Sources */ = {isa = PBXBuildFile; fileRef = 88E47DED1EF04556004FA2E8 /* ViewController.swift */; };
		88E47DF11EF04556004FA2E8 /* Main.storyboard in Resources */ = {isa = PBXBuildFile; fileRef = 88E47DEF1EF04556004FA2E8 /* Main.storyboard */; };
		88E47DF31EF04556004FA2E8 /* Assets.xcassets in Resources */ = {isa = PBXBuildFile; fileRef = 88E47DF21EF04556004FA2E8 /* Assets.xcassets */; };
		88E47DF61EF04556004FA2E8 /* LaunchScreen.storyboard in Resources */ = {isa = PBXBuildFile; fileRef = 88E47DF41EF04556004FA2E8 /* LaunchScreen.storyboard */; };
/* End PBXBuildFile section */

/* Begin PBXFileReference section */
		88E47DE81EF04556004FA2E8 /* eyeCatchingKiip.app */ = {isa = PBXFileReference; explicitFileType = wrapper.application; includeInIndex = 0; path = eyeCatchingKiip.app; sourceTree = BUILT_PRODUCTS_DIR; };
		88E47DEB1EF04556004FA2E8 /* AppDelegate.swift */ = {isa = PBXFileReference; lastKnownFileType = sourcecode.swift; path = AppDelegate.swift; sourceTree = "<group>"; };
		88E47DED1EF04556004FA2E8 /* ViewController.swift */ = {isa = PBXFileReference; lastKnownFileType = sourcecode.swift; path = ViewController.swift; sourceTree = "<group>"; };
		88E47DF01EF04556004FA2E8 /* Base */ = {isa = PBXFileReference; lastKnownFileType = file.storyboard; name = Base; path = Base.lproj/Main.storyboard; sourceTree = "<group>"; };
		88E47DF21EF04556004FA2E8 /* Assets.xcassets */ = {isa = PBXFileReference; lastKnownFileType = folder.assetcatalog; path = Assets.xcassets; sourceTree = "<group>"; };
		88E47DF51EF04556004FA2E8 /* Base */ = {isa = PBXFileReference; lastKnownFileType = file.storyboard; name = Base; path = Base.lproj/LaunchScreen.storyboard; sourceTree = "<group>"; };
		88E47DF71EF04556004FA2E8 /* Info.plist */ = {isa = PBXFileReference; lastKnownFileType = text.plist.xml; path = Info.plist; sourceTree = "<group>"; };
/* End PBXFileReference section */

/* Begin PBXFrameworksBuildPhase section */
		88E47DE51EF04555004FA2E8 /* Frameworks */ = {
			isa = PBXFrameworksBuildPhase;
			buildActionMask = 2147483647;
			files = (
			);
			runOnlyForDeploymentPostprocessing = 0;
		};
/* End PBXFrameworksBuildPhase section */

/* Begin PBXGroup section */
		88E47DDF1EF04555004FA2E8 = {
			isa = PBXGroup;
			children = (
				88E47DEA1EF04556004FA2E8 /* eyeCatchingKiip */,
				88E47DE91EF04556004FA2E8 /* Products */,
			);
			sourceTree = "<group>";
		};
		88E47DE91EF04556004FA2E8 /* Products */ = {
			isa = PBXGroup;
			children = (
				88E47DE81EF04556004FA2E8 /* eyeCatchingKiip.app */,
			);
			name = Products;
			sourceTree = "<group>";
		};
		88E47DEA1EF04556004FA2E8 /* eyeCatchingKiip */ = {
			isa = PBXGroup;
			children = (
				88E47DEB1EF04556004FA2E8 /* AppDelegate.swift */,
				88E47DED1EF04556004FA2E8 /* ViewController.swift */,
				88E47DEF1EF04556004FA2E8 /* Main.storyboard */,
				88E47DF21EF04556004FA2E8 /* Assets.xcassets */,
				88E47DF41EF04556004FA2E8 /* LaunchScreen.storyboard */,
				88E47DF71EF04556004FA2E8 /* Info.plist */,
			);
			path = eyeCatchingKiip;
			sourceTree = "<group>";
		};
/* End PBXGroup section */

/* Begin PBXNativeTarget section */
		88E47DE71EF04555004FA2E8 /* eyeCatchingKiip */ = {
			isa = PBXNativeTarget;
			buildConfigurationList = 88E47DFA1EF04556004FA2E8 /* Build configuration list for PBXNativeTarget "eyeCatchingKiip" */;
			buildPhases = (
				88E47DE41EF04555004FA2E8 /* Sources */,
				88E47DE51EF04555004FA2E8 /* Frameworks */,
				88E47DE61EF04555004FA2E8 /* Resources */,
			);
			buildRules = (
			);
			dependencies = (
			);
			name = eyeCatchingKiip;
			productName = eyeCatchingKiip;
			productReference = 88E47DE81EF04556004FA2E8 /* eyeCatchingKiip.app */;
			productType = "com.apple.product-type.application";
		};
/* End PBXNativeTarget section */

/* Begin PBXProject section */
		88E47DE01EF04555004FA2E8 /* Project object */ = {
			isa = PBXProject;
			attributes = {
				LastSwiftUpdateCheck = 0830;
				LastUpgradeCheck = 0830;
				ORGANIZATIONNAME = "Lamond Dixon";
				TargetAttributes = {
					88E47DE71EF04555004FA2E8 = {
						CreatedOnToolsVersion = 8.3.3;
						ProvisioningStyle = Automatic;
					};
				};
			};
			buildConfigurationList = 88E47DE31EF04555004FA2E8 /* Build configuration list for PBXProject "eyeCatchingKiip" */;
			compatibilityVersion = "Xcode 3.2";
			developmentRegion = English;
			hasScannedForEncodings = 0;
			knownRegions = (
				en,
				Base,
			);
			mainGroup = 88E47DDF1EF04555004FA2E8;
			productRefGroup = 88E47DE91EF04556004FA2E8 /* Products */;
			projectDirPath = "";
			projectRoot = "";
			targets = (
				88E47DE71EF04555004FA2E8 /* eyeCatchingKiip */,
			);
		};
/* End PBXProject section */

/* Begin PBXResourcesBuildPhase section */
		88E47DE61EF04555004FA2E8 /* Resources */ = {
			isa = PBXResourcesBuildPhase;
			buildActionMask = 2147483647;
			files = (
				88E47DF61EF04556004FA2E8 /* LaunchScreen.storyboard in Resources */,
				88E47DF31EF04556004FA2E8 /* Assets.xcassets in Resources */,
				88E47DF11EF04556004FA2E8 /* Main.storyboard in Resources */,
			);
			runOnlyForDeploymentPostprocessing = 0;
		};
/* End PBXResourcesBuildPhase section */

/* Begin PBXSourcesBuildPhase section */
		88E47DE41EF04555004FA2E8 /* Sources */ = {
			isa = PBXSourcesBuildPhase;
			buildActionMask = 2147483647;
			files = (
				88E47DEE1EF04556004FA2E8 /* ViewController.swift in Sources */,
				88E47DEC1EF04556004FA2E8 /* AppDelegate.swift in Sources */,
			);
			runOnlyForDeploymentPostprocessing = 0;
		};
/* End PBXSourcesBuildPhase section */

/* Begin PBXVariantGroup section */
		88E47DEF1EF04556004FA2E8 /* Main.storyboard */ = {
			isa = PBXVariantGroup;
			children = (
				88E47DF01EF04556004FA2E8 /* Base */,
			);
			name = Main.storyboard;
			sourceTree = "<group>";
		};
		88E47DF41EF04556004FA2E8 /* LaunchScreen.storyboard */ = {
			isa = PBXVariantGroup;
			children = (
				88E47DF51EF04556004FA2E8 /* Base */,
			);
			name = LaunchScreen.storyboard;
			sourceTree = "<group>";
		};
/* End PBXVariantGroup section */

/* Begin XCBuildConfiguration section */
		88E47DF81EF04556004FA2E8 /* Debug */ = {
			isa = XCBuildConfiguration;
			buildSettings = {
				ALWAYS_SEARCH_USER_PATHS = NO;
				CLANG_ANALYZER_NONNULL = YES;
				CLANG_ANALYZER_NUMBER_OBJECT_CONVERSION = YES_AGGRESSIVE;
				CLANG_CXX_LANGUAGE_STANDARD = "gnu++0x";
				CLANG_CXX_LIBRARY = "libc++";
				CLANG_ENABLE_MODULES = YES;
				CLANG_ENABLE_OBJC_ARC = YES;
				CLANG_WARN_BOOL_CONVERSION = YES;
				CLANG_WARN_CONSTANT_CONVERSION = YES;
				CLANG_WARN_DIRECT_OBJC_ISA_USAGE = YES_ERROR;
				CLANG_WARN_DOCUMENTATION_COMMENTS = YES;
				CLANG_WARN_EMPTY_BODY = YES;
				CLANG_WARN_ENUM_CONVERSION = YES;
				CLANG_WARN_INFINITE_RECURSION = YES;
				CLANG_WARN_INT_CONVERSION = YES;
				CLANG_WARN_OBJC_ROOT_CLASS = YES_ERROR;
				CLANG_WARN_SUSPICIOUS_MOVE = YES;
				CLANG_WARN_UNREACHABLE_CODE = YES;
				CLANG_WARN__DUPLICATE_METHOD_MATCH = YES;
				"CODE_SIGN_IDENTITY[sdk=iphoneos*]" = "iPhone Developer";
				COPY_PHASE_STRIP = NO;
				DEBUG_INFORMATION_FORMAT = dwarf;
				ENABLE_STRICT_OBJC_MSGSEND = YES;
				ENABLE_TESTABILITY = YES;
				GCC_C_LANGUAGE_STANDARD = gnu99;
				GCC_DYNAMIC_NO_PIC = NO;
				GCC_NO_COMMON_BLOCKS = YES;
				GCC_OPTIMIZATION_LEVEL = 0;
				GCC_PREPROCESSOR_DEFINITIONS = (
					"DEBUG=1",
					"$(inherited)",
				);
				GCC_WARN_64_TO_32_BIT_CONVERSION = YES;
				GCC_WARN_ABOUT_RETURN_TYPE = YES_ERROR;
				GCC_WARN_UNDECLARED_SELECTOR = YES;
				GCC_WARN_UNINITIALIZED_AUTOS = YES_AGGRESSIVE;
				GCC_WARN_UNUSED_FUNCTION = YES;
				GCC_WARN_UNUSED_VARIABLE = YES;
				IPHONEOS_DEPLOYMENT_TARGET = 10.3;
				MTL_ENABLE_DEBUG_INFO = YES;
				ONLY_ACTIVE_ARCH = YES;
				SDKROOT = iphoneos;
				SWIFT_ACTIVE_COMPILATION_CONDITIONS = DEBUG;
				SWIFT_OPTIMIZATION_LEVEL = "-Onone";
				TARGETED_DEVICE_FAMILY = "1,2";
			};
			name = Debug;
		};
		88E47DF91EF04556004FA2E8 /* Release */ = {
			isa = XCBuildConfiguration;
			buildSettings = {
				ALWAYS_SEARCH_USER_PATHS = NO;
				CLANG_ANALYZER_NONNULL = YES;
				CLANG_ANALYZER_NUMBER_OBJECT_CONVERSION = YES_AGGRESSIVE;
				CLANG_CXX_LANGUAGE_STANDARD = "gnu++0x";
				CLANG_CXX_LIBRARY = "libc++";
				CLANG_ENABLE_MODULES = YES;
				CLANG_ENABLE_OBJC_ARC = YES;
				CLANG_WARN_BOOL_CONVERSION = YES;
				CLANG_WARN_CONSTANT_CONVERSION = YES;
				CLANG_WARN_DIRECT_OBJC_ISA_USAGE = YES_ERROR;
				CLANG_WARN_DOCUMENTATION_COMMENTS = YES;
				CLANG_WARN_EMPTY_BODY = YES;
				CLANG_WARN_ENUM_CONVERSION = YES;
				CLANG_WARN_INFINITE_RECURSION = YES;
				CLANG_WARN_INT_CONVERSION = YES;
				CLANG_WARN_OBJC_ROOT_CLASS = YES_ERROR;
				CLANG_WARN_SUSPICIOUS_MOVE = YES;
				CLANG_WARN_UNREACHABLE_CODE = YES;
				CLANG_WARN__DUPLICATE_METHOD_MATCH = YES;
				"CODE_SIGN_IDENTITY[sdk=iphoneos*]" = "iPhone Developer";
				COPY_PHASE_STRIP = NO;
				DEBUG_INFORMATION_FORMAT = "dwarf-with-dsym";
				ENABLE_NS_ASSERTIONS = NO;
				ENABLE_STRICT_OBJC_MSGSEND = YES;
				GCC_C_LANGUAGE_STANDARD = gnu99;
				GCC_NO_COMMON_BLOCKS = YES;
				GCC_WARN_64_TO_32_BIT_CONVERSION = YES;
				GCC_WARN_ABOUT_RETURN_TYPE = YES_ERROR;
				GCC_WARN_UNDECLARED_SELECTOR = YES;
				GCC_WARN_UNINITIALIZED_AUTOS = YES_AGGRESSIVE;
				GCC_WARN_UNUSED_FUNCTION = YES;
				GCC_WARN_UNUSED_VARIABLE = YES;
				IPHONEOS_DEPLOYMENT_TARGET = 10.3;
				MTL_ENABLE_DEBUG_INFO = NO;
				SDKROOT = iphoneos;
				SWIFT_OPTIMIZATION_LEVEL = "-Owholemodule";
				TARGETED_DEVICE_FAMILY = "1,2";
				VALIDATE_PRODUCT = YES;
			};
			name = Release;
		};
		88E47DFB1EF04556004FA2E8 /* Debug */ = {
			isa = XCBuildConfiguration;
			buildSettings = {
				ASSETCATALOG_COMPILER_APPICON_NAME = AppIcon;
				DEVELOPMENT_TEAM = "";
				INFOPLIST_FILE = eyeCatchingKiip/Info.plist;
				LD_RUNPATH_SEARCH_PATHS = "$(inherited) @executable_path/Frameworks";
				PRODUCT_BUNDLE_IDENTIFIER = dixonlamond.eyeCatchingKiip;
				PRODUCT_NAME = "$(TARGET_NAME)";
				SWIFT_VERSION = 3.0;
			};
			name = Debug;
		};
		88E47DFC1EF04556004FA2E8 /* Release */ = {
			isa = XCBuildConfiguration;
			buildSettings = {
				ASSETCATALOG_COMPILER_APPICON_NAME = AppIcon;
				DEVELOPMENT_TEAM = "";
				INFOPLIST_FILE = eyeCatchingKiip/Info.plist;
				LD_RUNPATH_SEARCH_PATHS = "$(inherited) @executable_path/Frameworks";
				PRODUCT_BUNDLE_IDENTIFIER = dixonlamond.eyeCatchingKiip;
				PRODUCT_NAME = "$(TARGET_NAME)";
				SWIFT_VERSION = 3.0;
			};
			name = Release;
		};
/* End XCBuildConfiguration section */

/* Begin XCConfigurationList section */
		88E47DE31EF04555004FA2E8 /* Build configuration list for PBXProject "eyeCatchingKiip" */ = {
			isa = XCConfigurationList;
			buildConfigurations = (
				88E47DF81EF04556004FA2E8 /* Debug */,
				88E47DF91EF04556004FA2E8 /* Release */,
			);
			defaultConfigurationIsVisible = 0;
			defaultConfigurationName = Release;
		};
		88E47DFA1EF04556004FA2E8 /* Build configuration list for PBXNativeTarget "eyeCatchingKiip" */ = {
			isa = XCConfigurationList;
			buildConfigurations = (
				88E47DFB1EF04556004FA2E8 /* Debug */,
				88E47DFC1EF04556004FA2E8 /* Release */,
			);
			defaultConfigurationIsVisible = 0;
		};
/* End XCConfigurationList section */
	};
	rootObject = 88E47DE01EF04555004FA2E8 /* Project object */;
}
